{
  "name": "@zachlove/expo-pdf-reader",
  "version": "1.0.9",
  "lockfileVersion": 2,
  "requires": true,
  "packages": {
    "": {
      "name": "@zachlove/expo-pdf-reader",
      "version": "1.0.9",
      "license": "ISC",
      "dependencies": {
        "@valli_/rn-pdf-reader-js": "^1.0.3",
        "rn-pdf-reader-js": "^4.1.1"
      },
      "peerDependencies": {
        "expo": "^49.0.6",
        "expo-constants": "15.0.0",
        "expo-file-system": "15.6.0",
        "react": "18.2.0",
        "react-native": "0.72.0",
        "react-native-webview": "13.6.0"
      }
    },
    "node_modules/@valli_/rn-pdf-reader-js": {
      "version": "1.0.3",
      "resolved": "https://registry.npmjs.org/@valli_/rn-pdf-reader-js/-/rn-pdf-reader-js-1.0.3.tgz",
      "integrity": "sha512-ij0s7MXuZA9cEX3YfvyZKsD7gmrkjmwNyva/f3zLWMqlWOq24PwxkJrW0VFg5/LwipCepIldyBW9YTQ9Jl/PUw==",
      "dependencies": {
        "buffer": "^6.0.3",
        "csstype": "^3.1.1",
        "js-base64": "^3.7.2"
      }
    },
    "node_modules/base64-js": {
      "version": "1.5.1",
      "resolved": "https://registry.npmjs.org/base64-js/-/base64-js-1.5.1.tgz",
      "integrity": "sha512-AKpaYlHn8t4SVbOHCy+b5+KKgvR4vrsD8vbvrbiQJps7fKDTkjkDry6ji0rUJjC0kzbNePLwzxq8iypo41qeWA==",
      "funding": [
        {
          "type": "github",
          "url": "https://github.com/sponsors/feross"
        },
        {
          "type": "patreon",
          "url": "https://www.patreon.com/feross"
        },
        {
          "type": "consulting",
          "url": "https://feross.org/support"
        }
      ]
    },
    "node_modules/buffer": {
      "version": "6.0.3",
      "resolved": "https://registry.npmjs.org/buffer/-/buffer-6.0.3.tgz",
      "integrity": "sha512-FTiCpNxtwiZZHEZbcbTIcZjERVICn9yq/pDFkTl95/AxzD1naBctN7YO68riM/gLSDY7sdrMby8hofADYuuqOA==",
      "funding": [
        {
          "type": "github",
          "url": "https://github.com/sponsors/feross"
        },
        {
          "type": "patreon",
          "url": "https://www.patreon.com/feross"
        },
        {
          "type": "consulting",
          "url": "https://feross.org/support"
        }
      ],
      "dependencies": {
        "base64-js": "^1.3.1",
        "ieee754": "^1.2.1"
      }
    },
    "node_modules/csstype": {
      "version": "3.1.2",
      "resolved": "https://registry.npmjs.org/csstype/-/csstype-3.1.2.tgz",
      "integrity": "sha512-I7K1Uu0MBPzaFKg4nI5Q7Vs2t+3gWWW648spaF+Rg7pI9ds18Ugn+lvg4SHczUdKlHI5LWBXyqfS8+DufyBsgQ=="
    },
    "node_modules/ieee754": {
      "version": "1.2.1",
      "resolved": "https://registry.npmjs.org/ieee754/-/ieee754-1.2.1.tgz",
      "integrity": "sha512-dcyqhDvX1C46lXZcVqCpK+FtMRQVdIMN6/Df5js2zouUsqG7I6sFxitIC+7KYK29KdXOLHdu9zL4sFnoVQnqaA==",
      "funding": [
        {
          "type": "github",
          "url": "https://github.com/sponsors/feross"
        },
        {
          "type": "patreon",
          "url": "https://www.patreon.com/feross"
        },
        {
          "type": "consulting",
          "url": "https://feross.org/support"
        }
      ]
    },
    "node_modules/js-base64": {
      "version": "3.7.5",
      "resolved": "https://registry.npmjs.org/js-base64/-/js-base64-3.7.5.tgz",
      "integrity": "sha512-3MEt5DTINKqfScXKfJFrRbxkrnk2AxPWGBL/ycjz4dK8iqiSJ06UxD8jh8xuh6p10TX4t2+7FsBYVxxQbMg+qA=="
    },
    "node_modules/rn-pdf-reader-js": {
      "version": "4.1.1",
      "resolved": "https://registry.npmjs.org/rn-pdf-reader-js/-/rn-pdf-reader-js-4.1.1.tgz",
      "integrity": "sha512-KnBzB1wfHPdE/Qb6oMmX0/iAD60tp+kf0TZaHw6tb0ULrdSvaG5rspTJArUEA724qYFwuVG1U2B0WTK8inpe1Q==",
      "dependencies": {
        "buffer": "5.1.0",
        "csstype": "2.6.8",
        "js-base64": "2.4.5"
      },
      "peerDependencies": {
        "expo": ">= 33.0.x < 37.0.x",
        "expo-constants": ">= 5.0.0 < 9.x",
        "expo-file-system": ">= 5.0.0 < 9.x",
        "react": "16.x",
        "react-native": "*",
        "react-native-webview": ">= 7.0.5 < 8.x"
      }
    },
    "node_modules/rn-pdf-reader-js/node_modules/buffer": {
      "version": "5.1.0",
      "resolved": "https://registry.npmjs.org/buffer/-/buffer-5.1.0.tgz",
      "integrity": "sha512-YkIRgwsZwJWTnyQrsBTWefizHh+8GYj3kbL1BTiAQ/9pwpino0G7B2gp5tx/FUBqUlvtxV85KNR3mwfAtv15Yw==",
      "dependencies": {
        "base64-js": "^1.0.2",
        "ieee754": "^1.1.4"
      }
    },
    "node_modules/rn-pdf-reader-js/node_modules/csstype": {
      "version": "2.6.8",
      "resolved": "https://registry.npmjs.org/csstype/-/csstype-2.6.8.tgz",
      "integrity": "sha512-msVS9qTuMT5zwAGCVm4mxfrZ18BNc6Csd0oJAtiFMZ1FAx1CCvy2+5MDmYoix63LM/6NDbNtodCiGYGmFgO0dA=="
    },
    "node_modules/rn-pdf-reader-js/node_modules/js-base64": {
      "version": "2.4.5",
      "resolved": "https://registry.npmjs.org/js-base64/-/js-base64-2.4.5.tgz",
      "integrity": "sha512-aUnNwqMOXw3yvErjMPSQu6qIIzUmT1e5KcU1OZxRDU1g/am6mzBvcrmLAYwzmB59BHPrh5/tKaiF4OPhqRWESQ=="
    }
  },
  "dependencies": {
    "@valli_/rn-pdf-reader-js": {
      "version": "1.0.3",
      "resolved": "https://registry.npmjs.org/@valli_/rn-pdf-reader-js/-/rn-pdf-reader-js-1.0.3.tgz",
      "integrity": "sha512-ij0s7MXuZA9cEX3YfvyZKsD7gmrkjmwNyva/f3zLWMqlWOq24PwxkJrW0VFg5/LwipCepIldyBW9YTQ9Jl/PUw==",
      "requires": {
        "buffer": "^6.0.3",
        "csstype": "^3.1.1",
        "js-base64": "^3.7.2"
      }
    },
    "base64-js": {
      "version": "1.5.1",
      "resolved": "https://registry.npmjs.org/base64-js/-/base64-js-1.5.1.tgz",
      "integrity": "sha512-AKpaYlHn8t4SVbOHCy+b5+KKgvR4vrsD8vbvrbiQJps7fKDTkjkDry6ji0rUJjC0kzbNePLwzxq8iypo41qeWA=="
    },
    "buffer": {
      "version": "6.0.3",
      "resolved": "https://registry.npmjs.org/buffer/-/buffer-6.0.3.tgz",
      "integrity": "sha512-FTiCpNxtwiZZHEZbcbTIcZjERVICn9yq/pDFkTl95/AxzD1naBctN7YO68riM/gLSDY7sdrMby8hofADYuuqOA==",
      "requires": {
        "base64-js": "^1.3.1",
        "ieee754": "^1.2.1"
      }
    },
    "csstype": {
      "version": "3.1.2",
      "resolved": "https://registry.npmjs.org/csstype/-/csstype-3.1.2.tgz",
      "integrity": "sha512-I7K1Uu0MBPzaFKg4nI5Q7Vs2t+3gWWW648spaF+Rg7pI9ds18Ugn+lvg4SHczUdKlHI5LWBXyqfS8+DufyBsgQ=="
    },
    "ieee754": {
      "version": "1.2.1",
      "resolved": "https://registry.npmjs.org/ieee754/-/ieee754-1.2.1.tgz",
      "integrity": "sha512-dcyqhDvX1C46lXZcVqCpK+FtMRQVdIMN6/Df5js2zouUsqG7I6sFxitIC+7KYK29KdXOLHdu9zL4sFnoVQnqaA=="
    },
    "js-base64": {
      "version": "3.7.5",
      "resolved": "https://registry.npmjs.org/js-base64/-/js-base64-3.7.5.tgz",
      "integrity": "sha512-3MEt5DTINKqfScXKfJFrRbxkrnk2AxPWGBL/ycjz4dK8iqiSJ06UxD8jh8xuh6p10TX4t2+7FsBYVxxQbMg+qA=="
    },
    "rn-pdf-reader-js": {
      "version": "4.1.1",
      "resolved": "https://registry.npmjs.org/rn-pdf-reader-js/-/rn-pdf-reader-js-4.1.1.tgz",
      "integrity": "sha512-KnBzB1wfHPdE/Qb6oMmX0/iAD60tp+kf0TZaHw6tb0ULrdSvaG5rspTJArUEA724qYFwuVG1U2B0WTK8inpe1Q==",
      "requires": {
        "buffer": "5.1.0",
        "csstype": "2.6.8",
        "js-base64": "2.4.5"
      },
      "dependencies": {
        "buffer": {
          "version": "5.1.0",
          "resolved": "https://registry.npmjs.org/buffer/-/buffer-5.1.0.tgz",
          "integrity": "sha512-YkIRgwsZwJWTnyQrsBTWefizHh+8GYj3kbL1BTiAQ/9pwpino0G7B2gp5tx/FUBqUlvtxV85KNR3mwfAtv15Yw==",
          "requires": {
            "base64-js": "^1.0.2",
            "ieee754": "^1.1.4"
          }
        },
        "csstype": {
          "version": "2.6.8",
          "resolved": "https://registry.npmjs.org/csstype/-/csstype-2.6.8.tgz",
          "integrity": "sha512-msVS9qTuMT5zwAGCVm4mxfrZ18BNc6Csd0oJAtiFMZ1FAx1CCvy2+5MDmYoix63LM/6NDbNtodCiGYGmFgO0dA=="
        },
        "js-base64": {
          "version": "2.4.5",
          "resolved": "https://registry.npmjs.org/js-base64/-/js-base64-2.4.5.tgz",
          "integrity": "sha512-aUnNwqMOXw3yvErjMPSQu6qIIzUmT1e5KcU1OZxRDU1g/am6mzBvcrmLAYwzmB59BHPrh5/tKaiF4OPhqRWESQ=="
        }
      }
    }
  }
}
